
Microsoft Visual Studio Solution File, Format Version 12.00
# Visual Studio Version 17
VisualStudioVersion = 17.7.34024.191
MinimumVisualStudioVersion = 10.0.40219.1
Project("{FAE04EC0-301F-11D3-BF4B-00C04F79EFBC}") = "MVC Practice 1", "MVC Practice 1\MVC Practice 1.csproj", "{24582C80-AE26-4CA5-875E-EC5DF6FD5E78}"
EndProject
Global
	GlobalSection(SolutionConfigurationPlatforms) = preSolution
		Debug|Any CPU = Debug|Any CPU
		Release|Any CPU = Release|Any CPU
	EndGlobalSection
	GlobalSection(ProjectConfigurationPlatforms) = postSolution
		{24582C80-AE26-4CA5-875E-EC5DF6FD5E78}.Debug|Any CPU.ActiveCfg = Debug|Any CPU
		{24582C80-AE26-4CA5-875E-EC5DF6FD5E78}.Debug|Any CPU.Build.0 = Debug|Any CPU
		{24582C80-AE26-4CA5-875E-EC5DF6FD5E78}.Release|Any CPU.ActiveCfg = Release|Any CPU
		{24582C80-AE26-4CA5-875E-EC5DF6FD5E78}.Release|Any CPU.Build.0 = Release|Any CPU
	EndGlobalSection
	GlobalSection(SolutionProperties) = preSolution
		HideSolutionNode = FALSE
	EndGlobalSection
	GlobalSection(ExtensibilityGlobals) = postSolution
		SolutionGuid = {871C47EC-13C2-4B19-86C2-403D7C281B95}
	EndGlobalSection
EndGlobal
